// !$*UTF8*$!
{
	archiveVersion = 1;
	classes = {
	};
	objectVersion = 56;
	objects = {

/* Begin PBXBuildFile section */
		5E0700E62A859FAD00ADFE2E /* WallpaperNotFound.mp4 in Resources */ = {isa = PBXBuildFile; fileRef = 5E0700E52A859FAD00ADFE2E /* WallpaperNotFound.mp4 */; };
		5E32ABFE2A4D595D00A0EEEC /* FilterResults.swift in Sources */ = {isa = PBXBuildFile; fileRef = 5E32ABFD2A4D595D00A0EEEC /* FilterResults.swift */; };
		5E51A43A2AA30D8B00E46E99 /* UnsafeWallpaper.swift in Sources */ = {isa = PBXBuildFile; fileRef = 5E51A4392AA30D8B00E46E99 /* UnsafeWallpaper.swift */; };
		5E51A43C2AA33F5500E46E99 /* GlobalSettingsService.swift in Sources */ = {isa = PBXBuildFile; fileRef = 5E51A43B2AA33F5500E46E99 /* GlobalSettingsService.swift */; };
		5E615E222A7D2F9700A37EB8 /* ImportPanels.swift in Sources */ = {isa = PBXBuildFile; fileRef = 5E615E212A7D2F9700A37EB8 /* ImportPanels.swift */; };
		5E66A0DA2A8ADECC00EE79D6 /* TopTabBar.swift in Sources */ = {isa = PBXBuildFile; fileRef = 5E66A0D92A8ADECC00EE79D6 /* TopTabBar.swift */; };
		5E66A0DD2A8ADF7C00EE79D6 /* ExplorerTopBar.swift in Sources */ = {isa = PBXBuildFile; fileRef = 5E66A0DC2A8ADF7C00EE79D6 /* ExplorerTopBar.swift */; };
		5E66A0DF2A8AE3C900EE79D6 /* ContentViewModel.swift in Sources */ = {isa = PBXBuildFile; fileRef = 5E66A0DE2A8AE3C900EE79D6 /* ContentViewModel.swift */; };
		5E66A0E12A8BA18D00EE79D6 /* GifImage.swift in Sources */ = {isa = PBXBuildFile; fileRef = 5E66A0E02A8BA18D00EE79D6 /* GifImage.swift */; };
		5E66A0E42A8BA27600EE79D6 /* FilterResultsViewModel.swift in Sources */ = {isa = PBXBuildFile; fileRef = 5E66A0E32A8BA27600EE79D6 /* FilterResultsViewModel.swift */; };
		5E66A0E62A8BA69B00EE79D6 /* WallpaperExplorer.swift in Sources */ = {isa = PBXBuildFile; fileRef = 5E66A0E52A8BA69B00EE79D6 /* WallpaperExplorer.swift */; };
		5E66A0E82A8BA95600EE79D6 /* WallpaperPreview.swift in Sources */ = {isa = PBXBuildFile; fileRef = 5E66A0E72A8BA95600EE79D6 /* WallpaperPreview.swift */; };
		5E66A0EA2A8BAA5400EE79D6 /* ExplorerGlobalMenu.swift in Sources */ = {isa = PBXBuildFile; fileRef = 5E66A0E92A8BAA5400EE79D6 /* ExplorerGlobalMenu.swift */; };
		5E66A0ED2A8BABAB00EE79D6 /* DisplaySettings.swift in Sources */ = {isa = PBXBuildFile; fileRef = 5E66A0EC2A8BABAB00EE79D6 /* DisplaySettings.swift */; };
		5E66A0EF2A8BADC900EE79D6 /* ExplorerBottomBar.swift in Sources */ = {isa = PBXBuildFile; fileRef = 5E66A0EE2A8BADC900EE79D6 /* ExplorerBottomBar.swift */; };
		5E7665262A2DC30E00E0E4B4 /* WEProject.swift in Sources */ = {isa = PBXBuildFile; fileRef = 5E7665252A2DC30D00E0E4B4 /* WEProject.swift */; };
		5E76652A2A2E231400E0E4B4 /* AboutUsView.swift in Sources */ = {isa = PBXBuildFile; fileRef = 5E7665292A2E231400E0E4B4 /* AboutUsView.swift */; };
		5E8C82032A9E15D0009E291B /* ExplorerItemMenu.swift in Sources */ = {isa = PBXBuildFile; fileRef = 5E8C82022A9E15D0009E291B /* ExplorerItemMenu.swift */; };
		5E98F6C72A81D8B200C12E34 /* MainWindow.swift in Sources */ = {isa = PBXBuildFile; fileRef = 5E98F6C62A81D8B200C12E34 /* MainWindow.swift */; };
		5E9D40442A2EC68600AB8A0C /* AppDelegate.swift in Sources */ = {isa = PBXBuildFile; fileRef = 5E9D40432A2EC68600AB8A0C /* AppDelegate.swift */; };
		5EA310FC2A88E116001A65F4 /* SceneWallpaperView.swift in Sources */ = {isa = PBXBuildFile; fileRef = 5EA310FB2A88E116001A65F4 /* SceneWallpaperView.swift */; };
		5EA310FE2A88E135001A65F4 /* WebWallpaperView.swift in Sources */ = {isa = PBXBuildFile; fileRef = 5EA310FD2A88E135001A65F4 /* WebWallpaperView.swift */; };
		5EA969A32A7D4BA30027B963 /* FirstLaunchView.swift in Sources */ = {isa = PBXBuildFile; fileRef = 5EA969A22A7D4BA30027B963 /* FirstLaunchView.swift */; };
		5EAD1DB82A88DFB80067E1D2 /* VideoWallpaperView.swift in Sources */ = {isa = PBXBuildFile; fileRef = 5EAD1DB72A88DFB80067E1D2 /* VideoWallpaperView.swift */; };
		5EAF3F702A870DEC00F85685 /* PerformancePage.swift in Sources */ = {isa = PBXBuildFile; fileRef = 5EAF3F6F2A870DEC00F85685 /* PerformancePage.swift */; };
		5EAF3F722A870ED400F85685 /* GeneralPage.swift in Sources */ = {isa = PBXBuildFile; fileRef = 5EAF3F712A870ED400F85685 /* GeneralPage.swift */; };
		5EAF3F742A87110700F85685 /* PluginsPage.swift in Sources */ = {isa = PBXBuildFile; fileRef = 5EAF3F732A87110700F85685 /* PluginsPage.swift */; };
		5EB152A12A82ADEB007EA845 /* Open_Wallpaper_Engine.docc in Sources */ = {isa = PBXBuildFile; fileRef = 5EB152A02A82ADEB007EA845 /* Open_Wallpaper_Engine.docc */; };
		5EB4DB882A98055E000A1FEA /* ExplorerItem.swift in Sources */ = {isa = PBXBuildFile; fileRef = 5EB4DB872A980532000A1FEA /* ExplorerItem.swift */; };
		5EC47E7E2A2DB2E700120CCC /* Assets.xcassets in Resources */ = {isa = PBXBuildFile; fileRef = 5EC47E7D2A2DB2E700120CCC /* Assets.xcassets */; };
		5EC47E812A2DB2E700120CCC /* Preview Assets.xcassets in Resources */ = {isa = PBXBuildFile; fileRef = 5EC47E802A2DB2E700120CCC /* Preview Assets.xcassets */; };
		5EC47E912A2DB2E700120CCC /* Open_Wallpaper_EngineTests.swift in Sources */ = {isa = PBXBuildFile; fileRef = 5EC47E902A2DB2E700120CCC /* Open_Wallpaper_EngineTests.swift */; };
		5EC47E9B2A2DB2E700120CCC /* Open_Wallpaper_EngineUITests.swift in Sources */ = {isa = PBXBuildFile; fileRef = 5EC47E9A2A2DB2E700120CCC /* Open_Wallpaper_EngineUITests.swift */; };
		5EC47E9D2A2DB2E700120CCC /* Open_Wallpaper_EngineUITestsLaunchTests.swift in Sources */ = {isa = PBXBuildFile; fileRef = 5EC47E9C2A2DB2E700120CCC /* Open_Wallpaper_EngineUITestsLaunchTests.swift */; };
		5EC47EAA2A2DB32900120CCC /* ContentView.swift in Sources */ = {isa = PBXBuildFile; fileRef = 5EC47EA92A2DB32900120CCC /* ContentView.swift */; };
		5EC47EAC2A2DB3E500120CCC /* WallpaperView.swift in Sources */ = {isa = PBXBuildFile; fileRef = 5EC47EAB2A2DB3E500120CCC /* WallpaperView.swift */; };
		5EDEBA5E2A2E2A7B003470CB /* SettingsView.swift in Sources */ = {isa = PBXBuildFile; fileRef = 5EDEBA5D2A2E2A7B003470CB /* SettingsView.swift */; };
		5EDF1E142A93B06B006617EA /* WorkingInProgress.swift in Sources */ = {isa = PBXBuildFile; fileRef = 5EDF1E132A93B06B006617EA /* WorkingInProgress.swift */; };
		5EDF1E162A93B4B6006617EA /* WallpaperDiscover.swift in Sources */ = {isa = PBXBuildFile; fileRef = 5EDF1E152A93B4B6006617EA /* WallpaperDiscover.swift */; };
		5EF28EBF2A8986AC0013ABBE /* WallpaperViewModel.swift in Sources */ = {isa = PBXBuildFile; fileRef = 5EF28EBE2A8986AC0013ABBE /* WallpaperViewModel.swift */; };
		5EF28EC12A8990D90013ABBE /* VideoWallpaperViewModel.swift in Sources */ = {isa = PBXBuildFile; fileRef = 5EF28EC02A8990D90013ABBE /* VideoWallpaperViewModel.swift */; };
		5EFBB0BB2A2F10EA00E39BEC /* main.swift in Sources */ = {isa = PBXBuildFile; fileRef = 5EFBB0BA2A2F10EA00E39BEC /* main.swift */; };
		5EFC591D2A81ACBC005F97E2 /* StatusBar.swift in Sources */ = {isa = PBXBuildFile; fileRef = 5EFC591C2A81ACBC005F97E2 /* StatusBar.swift */; };
		5EFC591F2A81ACC3005F97E2 /* MainMenu.swift in Sources */ = {isa = PBXBuildFile; fileRef = 5EFC591E2A81ACC3005F97E2 /* MainMenu.swift */; };
		9A42F8F12AAB6A12006B5A74 /* Localizable.strings in Resources */ = {isa = PBXBuildFile; fileRef = 9A42F8EF2AAB6A12006B5A74 /* Localizable.strings */; };
		DAEE29C62A9CB52100633898 /* WebWallpaperViewModel.swift in Sources */ = {isa = PBXBuildFile; fileRef = DAEE29C52A9CB52100633898 /* WebWallpaperViewModel.swift */; };
/* End PBXBuildFile section */

/* Begin PBXContainerItemProxy section */
		5EC47E8D2A2DB2E700120CCC /* PBXContainerItemProxy */ = {
			isa = PBXContainerItemProxy;
			containerPortal = 5EC47E6E2A2DB2E600120CCC /* Project object */;
			proxyType = 1;
			remoteGlobalIDString = 5EC47E752A2DB2E600120CCC;
			remoteInfo = "Open Wallpaper Engine";
		};
		5EC47E972A2DB2E700120CCC /* PBXContainerItemProxy */ = {
			isa = PBXContainerItemProxy;
			containerPortal = 5EC47E6E2A2DB2E600120CCC /* Project object */;
			proxyType = 1;
			remoteGlobalIDString = 5EC47E752A2DB2E600120CCC;
			remoteInfo = "Open Wallpaper Engine";
		};
/* End PBXContainerItemProxy section */

/* Begin PBXFileReference section */
		5E0700E52A859FAD00ADFE2E /* WallpaperNotFound.mp4 */ = {isa = PBXFileReference; lastKnownFileType = file; path = WallpaperNotFound.mp4; sourceTree = "<group>"; };
		5E1670732A88EBEF00D1B199 /* change-signing-certificate.png */ = {isa = PBXFileReference; lastKnownFileType = image.png; path = "change-signing-certificate.png"; sourceTree = "<group>"; };
		5E1670742A88ED8400D1B199 /* import-menu.png */ = {isa = PBXFileReference; lastKnownFileType = image.png; path = "import-menu.png"; sourceTree = "<group>"; };
		5E1670752A88EDF000D1B199 /* import-panel.png */ = {isa = PBXFileReference; lastKnownFileType = image.png; path = "import-panel.png"; sourceTree = "<group>"; };
		5E32ABFD2A4D595D00A0EEEC /* FilterResults.swift */ = {isa = PBXFileReference; lastKnownFileType = sourcecode.swift; path = FilterResults.swift; sourceTree = "<group>"; };
		5E51A4392AA30D8B00E46E99 /* UnsafeWallpaper.swift */ = {isa = PBXFileReference; lastKnownFileType = sourcecode.swift; path = UnsafeWallpaper.swift; sourceTree = "<group>"; };
		5E51A43B2AA33F5500E46E99 /* GlobalSettingsService.swift */ = {isa = PBXFileReference; lastKnownFileType = sourcecode.swift; path = GlobalSettingsService.swift; sourceTree = "<group>"; };
		5E5460C62A83026D00655D85 /* wallpaper-with-windows.png */ = {isa = PBXFileReference; lastKnownFileType = image.png; path = "wallpaper-with-windows.png"; sourceTree = "<group>"; };
		5E5460C72A83027400655D85 /* wallpaper.png */ = {isa = PBXFileReference; lastKnownFileType = image.png; path = wallpaper.png; sourceTree = "<group>"; };
		5E6091F12A83E85D00D4C36C /* AUTHORS.md */ = {isa = PBXFileReference; lastKnownFileType = net.daringfireball.markdown; path = AUTHORS.md; sourceTree = "<group>"; };
		5E615E212A7D2F9700A37EB8 /* ImportPanels.swift */ = {isa = PBXFileReference; fileEncoding = 4; lastKnownFileType = sourcecode.swift; path = ImportPanels.swift; sourceTree = "<group>"; };
		5E66A0D92A8ADECC00EE79D6 /* TopTabBar.swift */ = {isa = PBXFileReference; lastKnownFileType = sourcecode.swift; path = TopTabBar.swift; sourceTree = "<group>"; };
		5E66A0DC2A8ADF7C00EE79D6 /* ExplorerTopBar.swift */ = {isa = PBXFileReference; lastKnownFileType = sourcecode.swift; path = ExplorerTopBar.swift; sourceTree = "<group>"; };
		5E66A0DE2A8AE3C900EE79D6 /* ContentViewModel.swift */ = {isa = PBXFileReference; lastKnownFileType = sourcecode.swift; path = ContentViewModel.swift; sourceTree = "<group>"; };
		5E66A0E02A8BA18D00EE79D6 /* GifImage.swift */ = {isa = PBXFileReference; lastKnownFileType = sourcecode.swift; path = GifImage.swift; sourceTree = "<group>"; };
		5E66A0E32A8BA27600EE79D6 /* FilterResultsViewModel.swift */ = {isa = PBXFileReference; lastKnownFileType = sourcecode.swift; path = FilterResultsViewModel.swift; sourceTree = "<group>"; };
		5E66A0E52A8BA69B00EE79D6 /* WallpaperExplorer.swift */ = {isa = PBXFileReference; lastKnownFileType = sourcecode.swift; path = WallpaperExplorer.swift; sourceTree = "<group>"; };
		5E66A0E72A8BA95600EE79D6 /* WallpaperPreview.swift */ = {isa = PBXFileReference; lastKnownFileType = sourcecode.swift; path = WallpaperPreview.swift; sourceTree = "<group>"; };
		5E66A0E92A8BAA5400EE79D6 /* ExplorerGlobalMenu.swift */ = {isa = PBXFileReference; lastKnownFileType = sourcecode.swift; path = ExplorerGlobalMenu.swift; sourceTree = "<group>"; };
		5E66A0EC2A8BABAB00EE79D6 /* DisplaySettings.swift */ = {isa = PBXFileReference; lastKnownFileType = sourcecode.swift; path = DisplaySettings.swift; sourceTree = "<group>"; };
		5E66A0EE2A8BADC900EE79D6 /* ExplorerBottomBar.swift */ = {isa = PBXFileReference; lastKnownFileType = sourcecode.swift; path = ExplorerBottomBar.swift; sourceTree = "<group>"; };
		5E7665252A2DC30D00E0E4B4 /* WEProject.swift */ = {isa = PBXFileReference; lastKnownFileType = sourcecode.swift; path = WEProject.swift; sourceTree = "<group>"; };
		5E7665292A2E231400E0E4B4 /* AboutUsView.swift */ = {isa = PBXFileReference; lastKnownFileType = sourcecode.swift; path = AboutUsView.swift; sourceTree = "<group>"; };
		5E8C82022A9E15D0009E291B /* ExplorerItemMenu.swift */ = {isa = PBXFileReference; lastKnownFileType = sourcecode.swift; path = ExplorerItemMenu.swift; sourceTree = "<group>"; };
		5E98F6C62A81D8B200C12E34 /* MainWindow.swift */ = {isa = PBXFileReference; fileEncoding = 4; lastKnownFileType = sourcecode.swift; path = MainWindow.swift; sourceTree = "<group>"; };
		5E9D40432A2EC68600AB8A0C /* AppDelegate.swift */ = {isa = PBXFileReference; lastKnownFileType = sourcecode.swift; path = AppDelegate.swift; sourceTree = "<group>"; };
		5EA310FB2A88E116001A65F4 /* SceneWallpaperView.swift */ = {isa = PBXFileReference; lastKnownFileType = sourcecode.swift; path = SceneWallpaperView.swift; sourceTree = "<group>"; };
		5EA310FD2A88E135001A65F4 /* WebWallpaperView.swift */ = {isa = PBXFileReference; lastKnownFileType = sourcecode.swift; path = WebWallpaperView.swift; sourceTree = "<group>"; };
		5EA969A22A7D4BA30027B963 /* FirstLaunchView.swift */ = {isa = PBXFileReference; fileEncoding = 4; lastKnownFileType = sourcecode.swift; path = FirstLaunchView.swift; sourceTree = "<group>"; };
		5EAD1DB72A88DFB80067E1D2 /* VideoWallpaperView.swift */ = {isa = PBXFileReference; lastKnownFileType = sourcecode.swift; path = VideoWallpaperView.swift; sourceTree = "<group>"; };
		5EAF3F6F2A870DEC00F85685 /* PerformancePage.swift */ = {isa = PBXFileReference; lastKnownFileType = sourcecode.swift; path = PerformancePage.swift; sourceTree = "<group>"; };
		5EAF3F712A870ED400F85685 /* GeneralPage.swift */ = {isa = PBXFileReference; lastKnownFileType = sourcecode.swift; path = GeneralPage.swift; sourceTree = "<group>"; };
		5EAF3F732A87110700F85685 /* PluginsPage.swift */ = {isa = PBXFileReference; lastKnownFileType = sourcecode.swift; path = PluginsPage.swift; sourceTree = "<group>"; };
		5EB152A02A82ADEB007EA845 /* Open_Wallpaper_Engine.docc */ = {isa = PBXFileReference; lastKnownFileType = folder.documentationcatalog; path = Open_Wallpaper_Engine.docc; sourceTree = "<group>"; };
		5EB4DB872A980532000A1FEA /* ExplorerItem.swift */ = {isa = PBXFileReference; lastKnownFileType = sourcecode.swift; path = ExplorerItem.swift; sourceTree = "<group>"; };
		5EC47E762A2DB2E600120CCC /* Open Wallpaper Engine.app */ = {isa = PBXFileReference; explicitFileType = wrapper.application; includeInIndex = 0; path = "Open Wallpaper Engine.app"; sourceTree = BUILT_PRODUCTS_DIR; };
		5EC47E7D2A2DB2E700120CCC /* Assets.xcassets */ = {isa = PBXFileReference; lastKnownFileType = folder.assetcatalog; path = Assets.xcassets; sourceTree = "<group>"; };
		5EC47E802A2DB2E700120CCC /* Preview Assets.xcassets */ = {isa = PBXFileReference; lastKnownFileType = folder.assetcatalog; path = "Preview Assets.xcassets"; sourceTree = "<group>"; };
		5EC47E872A2DB2E700120CCC /* Open_Wallpaper_Engine.entitlements */ = {isa = PBXFileReference; lastKnownFileType = text.plist.entitlements; path = Open_Wallpaper_Engine.entitlements; sourceTree = "<group>"; };
		5EC47E8C2A2DB2E700120CCC /* Open Wallpaper EngineTests.xctest */ = {isa = PBXFileReference; explicitFileType = wrapper.cfbundle; includeInIndex = 0; path = "Open Wallpaper EngineTests.xctest"; sourceTree = BUILT_PRODUCTS_DIR; };
		5EC47E902A2DB2E700120CCC /* Open_Wallpaper_EngineTests.swift */ = {isa = PBXFileReference; lastKnownFileType = sourcecode.swift; path = Open_Wallpaper_EngineTests.swift; sourceTree = "<group>"; };
		5EC47E962A2DB2E700120CCC /* Open Wallpaper EngineUITests.xctest */ = {isa = PBXFileReference; explicitFileType = wrapper.cfbundle; includeInIndex = 0; path = "Open Wallpaper EngineUITests.xctest"; sourceTree = BUILT_PRODUCTS_DIR; };
		5EC47E9A2A2DB2E700120CCC /* Open_Wallpaper_EngineUITests.swift */ = {isa = PBXFileReference; lastKnownFileType = sourcecode.swift; path = Open_Wallpaper_EngineUITests.swift; sourceTree = "<group>"; };
		5EC47E9C2A2DB2E700120CCC /* Open_Wallpaper_EngineUITestsLaunchTests.swift */ = {isa = PBXFileReference; lastKnownFileType = sourcecode.swift; path = Open_Wallpaper_EngineUITestsLaunchTests.swift; sourceTree = "<group>"; };
		5EC47EA92A2DB32900120CCC /* ContentView.swift */ = {isa = PBXFileReference; lastKnownFileType = sourcecode.swift; path = ContentView.swift; sourceTree = "<group>"; };
		5EC47EAB2A2DB3E500120CCC /* WallpaperView.swift */ = {isa = PBXFileReference; lastKnownFileType = sourcecode.swift; path = WallpaperView.swift; sourceTree = "<group>"; };
		5EDE84CF2AA781350025ABBA /* WhatToTest.zh-Hans.txt */ = {isa = PBXFileReference; lastKnownFileType = text; path = "WhatToTest.zh-Hans.txt"; sourceTree = "<group>"; };
		5EDEBA5D2A2E2A7B003470CB /* SettingsView.swift */ = {isa = PBXFileReference; lastKnownFileType = sourcecode.swift; path = SettingsView.swift; sourceTree = "<group>"; };
		5EDF1E132A93B06B006617EA /* WorkingInProgress.swift */ = {isa = PBXFileReference; lastKnownFileType = sourcecode.swift; path = WorkingInProgress.swift; sourceTree = "<group>"; };
		5EDF1E152A93B4B6006617EA /* WallpaperDiscover.swift */ = {isa = PBXFileReference; lastKnownFileType = sourcecode.swift; path = WallpaperDiscover.swift; sourceTree = "<group>"; };
		5EF28EBE2A8986AC0013ABBE /* WallpaperViewModel.swift */ = {isa = PBXFileReference; lastKnownFileType = sourcecode.swift; path = WallpaperViewModel.swift; sourceTree = "<group>"; };
		5EF28EC02A8990D90013ABBE /* VideoWallpaperViewModel.swift */ = {isa = PBXFileReference; lastKnownFileType = sourcecode.swift; path = VideoWallpaperViewModel.swift; sourceTree = "<group>"; };
		5EF4C24A2A4C9871009831E5 /* CNAME */ = {isa = PBXFileReference; lastKnownFileType = text; path = CNAME; sourceTree = "<group>"; };
		5EF4C24B2A4C9872009831E5 /* LICENSE */ = {isa = PBXFileReference; lastKnownFileType = text; path = LICENSE; sourceTree = "<group>"; };
		5EF4C24C2A4C98FA009831E5 /* README.md */ = {isa = PBXFileReference; lastKnownFileType = net.daringfireball.markdown; path = README.md; sourceTree = "<group>"; };
		5EFBB0BA2A2F10EA00E39BEC /* main.swift */ = {isa = PBXFileReference; lastKnownFileType = sourcecode.swift; path = main.swift; sourceTree = "<group>"; };
		5EFC591C2A81ACBC005F97E2 /* StatusBar.swift */ = {isa = PBXFileReference; lastKnownFileType = sourcecode.swift; path = StatusBar.swift; sourceTree = "<group>"; };
		5EFC591E2A81ACC3005F97E2 /* MainMenu.swift */ = {isa = PBXFileReference; lastKnownFileType = sourcecode.swift; path = MainMenu.swift; sourceTree = "<group>"; };
		9A42F8F02AAB6A12006B5A74 /* zh-Hans */ = {isa = PBXFileReference; lastKnownFileType = text.plist.strings; name = "zh-Hans"; path = Localizable.strings; sourceTree = "<group>"; };
		B4AD1D0F2AA24E8200471AC8 /* .gitignore */ = {isa = PBXFileReference; lastKnownFileType = text; path = .gitignore; sourceTree = "<group>"; };
		DAEE29C52A9CB52100633898 /* WebWallpaperViewModel.swift */ = {isa = PBXFileReference; lastKnownFileType = sourcecode.swift; path = WebWallpaperViewModel.swift; sourceTree = "<group>"; };
/* End PBXFileReference section */

/* Begin PBXFrameworksBuildPhase section */
		5EC47E732A2DB2E600120CCC /* Frameworks */ = {
			isa = PBXFrameworksBuildPhase;
			buildActionMask = 2147483647;
			files = (
			);
			runOnlyForDeploymentPostprocessing = 0;
		};
		5EC47E892A2DB2E700120CCC /* Frameworks */ = {
			isa = PBXFrameworksBuildPhase;
			buildActionMask = 2147483647;
			files = (
			);
			runOnlyForDeploymentPostprocessing = 0;
		};
		5EC47E932A2DB2E700120CCC /* Frameworks */ = {
			isa = PBXFrameworksBuildPhase;
			buildActionMask = 2147483647;
			files = (
			);
			runOnlyForDeploymentPostprocessing = 0;
		};
/* End PBXFrameworksBuildPhase section */

/* Begin PBXGroup section */
		5E0013B52AA7885500BDA280 /* TestFlight */ = {
			isa = PBXGroup;
			children = (
				5EDE84CF2AA781350025ABBA /* WhatToTest.zh-Hans.txt */,
			);
			path = TestFlight;
			sourceTree = "<group>";
		};
		5E51A4382AA30D6A00E46E99 /* Alerts */ = {
			isa = PBXGroup;
			children = (
				5E66A0EC2A8BABAB00EE79D6 /* DisplaySettings.swift */,
				5E51A4392AA30D8B00E46E99 /* UnsafeWallpaper.swift */,
			);
			path = Alerts;
			sourceTree = "<group>";
		};
		5E66A0DB2A8ADED400EE79D6 /* Components */ = {
			isa = PBXGroup;
			children = (
				5E51A4382AA30D6A00E46E99 /* Alerts */,
				5E66A0EB2A8BAA6500EE79D6 /* ContextMenus */,
				5E66A0D92A8ADECC00EE79D6 /* TopTabBar.swift */,
				5E66A0E52A8BA69B00EE79D6 /* WallpaperExplorer.swift */,
				5EDF1E152A93B4B6006617EA /* WallpaperDiscover.swift */,
				5E66A0E72A8BA95600EE79D6 /* WallpaperPreview.swift */,
				5E66A0DC2A8ADF7C00EE79D6 /* ExplorerTopBar.swift */,
				5EB4DB872A980532000A1FEA /* ExplorerItem.swift */,
				5E66A0E02A8BA18D00EE79D6 /* GifImage.swift */,
				5E32ABFD2A4D595D00A0EEEC /* FilterResults.swift */,
				5E66A0EE2A8BADC900EE79D6 /* ExplorerBottomBar.swift */,
			);
			path = Components;
			sourceTree = "<group>";
		};
		5E66A0E22A8BA23800EE79D6 /* ViewModels */ = {
			isa = PBXGroup;
			children = (
				5E66A0DE2A8AE3C900EE79D6 /* ContentViewModel.swift */,
				5E66A0E32A8BA27600EE79D6 /* FilterResultsViewModel.swift */,
			);
			path = ViewModels;
			sourceTree = "<group>";
		};
		5E66A0EB2A8BAA6500EE79D6 /* ContextMenus */ = {
			isa = PBXGroup;
			children = (
				5E66A0E92A8BAA5400EE79D6 /* ExplorerGlobalMenu.swift */,
				5E8C82022A9E15D0009E291B /* ExplorerItemMenu.swift */,
			);
			path = ContextMenus;
			sourceTree = "<group>";
		};
		5E98F6C82A826E2700C12E34 /* ContentView */ = {
			isa = PBXGroup;
			children = (
				5E98F6C62A81D8B200C12E34 /* MainWindow.swift */,
				5EC47EA92A2DB32900120CCC /* ContentView.swift */,
				5EA969A22A7D4BA30027B963 /* FirstLaunchView.swift */,
				5E615E212A7D2F9700A37EB8 /* ImportPanels.swift */,
				5E66A0DB2A8ADED400EE79D6 /* Components */,
				5E66A0E22A8BA23800EE79D6 /* ViewModels */,
			);
			path = ContentView;
			sourceTree = "<group>";
		};
		5E98F6C92A826E5300C12E34 /* Services */ = {
			isa = PBXGroup;
			children = (
				5E7665252A2DC30D00E0E4B4 /* WEProject.swift */,
				5EF28EBE2A8986AC0013ABBE /* WallpaperViewModel.swift */,
				5EF28EC02A8990D90013ABBE /* VideoWallpaperViewModel.swift */,
				DAEE29C52A9CB52100633898 /* WebWallpaperViewModel.swift */,
				5E51A43B2AA33F5500E46E99 /* GlobalSettingsService.swift */,
			);
			path = Services;
			sourceTree = "<group>";
		};
		5E98F6CA2A826E8B00C12E34 /* SettingsView */ = {
			isa = PBXGroup;
			children = (
				5EDEBA5D2A2E2A7B003470CB /* SettingsView.swift */,
				5EAF3F6F2A870DEC00F85685 /* PerformancePage.swift */,
				5EAF3F712A870ED400F85685 /* GeneralPage.swift */,
				5EAF3F732A87110700F85685 /* PluginsPage.swift */,
				5E7665292A2E231400E0E4B4 /* AboutUsView.swift */,
			);
			path = SettingsView;
			sourceTree = "<group>";
		};
		5E98F6CB2A826EB000C12E34 /* WallpaperView */ = {
			isa = PBXGroup;
			children = (
				5EC47EAB2A2DB3E500120CCC /* WallpaperView.swift */,
				5EAD1DB72A88DFB80067E1D2 /* VideoWallpaperView.swift */,
				5EA310FB2A88E116001A65F4 /* SceneWallpaperView.swift */,
				5EA310FD2A88E135001A65F4 /* WebWallpaperView.swift */,
			);
			path = WallpaperView;
			sourceTree = "<group>";
		};
		5E98F6CC2A826ED500C12E34 /* Resources */ = {
			isa = PBXGroup;
			children = (
				5E0700E52A859FAD00ADFE2E /* WallpaperNotFound.mp4 */,
				5EC47E7D2A2DB2E700120CCC /* Assets.xcassets */,
			);
			path = Resources;
			sourceTree = "<group>";
		};
		5EC47E6D2A2DB2E600120CCC = {
			isa = PBXGroup;
			children = (
				5E0013B52AA7885500BDA280 /* TestFlight */,
				B4AD1D0F2AA24E8200471AC8 /* .gitignore */,
				5E6091F12A83E85D00D4C36C /* AUTHORS.md */,
				5EF4C24A2A4C9871009831E5 /* CNAME */,
				5EF4C24B2A4C9872009831E5 /* LICENSE */,
				5EF4C24C2A4C98FA009831E5 /* README.md */,
				5EEE8D5D2A7501C800DCE41A /* resources */,
				5EC47E782A2DB2E600120CCC /* Open Wallpaper Engine */,
				5EC47E8F2A2DB2E700120CCC /* Open Wallpaper EngineTests */,
				5EC47E992A2DB2E700120CCC /* Open Wallpaper EngineUITests */,
				5EC47E772A2DB2E600120CCC /* Products */,
			);
			sourceTree = "<group>";
		};
		5EC47E772A2DB2E600120CCC /* Products */ = {
			isa = PBXGroup;
			children = (
				5EC47E762A2DB2E600120CCC /* Open Wallpaper Engine.app */,
				5EC47E8C2A2DB2E700120CCC /* Open Wallpaper EngineTests.xctest */,
				5EC47E962A2DB2E700120CCC /* Open Wallpaper EngineUITests.xctest */,
			);
			name = Products;
			sourceTree = "<group>";
		};
		5EC47E782A2DB2E600120CCC /* Open Wallpaper Engine */ = {
			isa = PBXGroup;
			children = (
				9A42F8EE2AAB69DF006B5A74 /* zh-Hans.lproj */,
				5EFBB0BA2A2F10EA00E39BEC /* main.swift */,
				5E9D40432A2EC68600AB8A0C /* AppDelegate.swift */,
				5EDF1E122A93B026006617EA /* GlobalComponents */,
				5EFC591B2A81ABCF005F97E2 /* MenuBars */,
				5E98F6C82A826E2700C12E34 /* ContentView */,
				5E98F6CA2A826E8B00C12E34 /* SettingsView */,
				5E98F6CB2A826EB000C12E34 /* WallpaperView */,
				5E98F6C92A826E5300C12E34 /* Services */,
				5E98F6CC2A826ED500C12E34 /* Resources */,
				5EC47E7F2A2DB2E700120CCC /* Preview Content */,
				5EC47E872A2DB2E700120CCC /* Open_Wallpaper_Engine.entitlements */,
				5EB152A02A82ADEB007EA845 /* Open_Wallpaper_Engine.docc */,
			);
			path = "Open Wallpaper Engine";
			sourceTree = "<group>";
		};
		5EC47E7F2A2DB2E700120CCC /* Preview Content */ = {
			isa = PBXGroup;
			children = (
				5EC47E802A2DB2E700120CCC /* Preview Assets.xcassets */,
			);
			path = "Preview Content";
			sourceTree = "<group>";
		};
		5EC47E8F2A2DB2E700120CCC /* Open Wallpaper EngineTests */ = {
			isa = PBXGroup;
			children = (
				5EC47E902A2DB2E700120CCC /* Open_Wallpaper_EngineTests.swift */,
			);
			path = "Open Wallpaper EngineTests";
			sourceTree = "<group>";
		};
		5EC47E992A2DB2E700120CCC /* Open Wallpaper EngineUITests */ = {
			isa = PBXGroup;
			children = (
				5EC47E9A2A2DB2E700120CCC /* Open_Wallpaper_EngineUITests.swift */,
				5EC47E9C2A2DB2E700120CCC /* Open_Wallpaper_EngineUITestsLaunchTests.swift */,
			);
			path = "Open Wallpaper EngineUITests";
			sourceTree = "<group>";
		};
		5EDF1E122A93B026006617EA /* GlobalComponents */ = {
			isa = PBXGroup;
			children = (
				5EDF1E132A93B06B006617EA /* WorkingInProgress.swift */,
			);
			path = GlobalComponents;
			sourceTree = "<group>";
		};
		5EEE8D5D2A7501C800DCE41A /* resources */ = {
			isa = PBXGroup;
			children = (
				5E5460C72A83027400655D85 /* wallpaper.png */,
				5E5460C62A83026D00655D85 /* wallpaper-with-windows.png */,
				5E1670732A88EBEF00D1B199 /* change-signing-certificate.png */,
				5E1670742A88ED8400D1B199 /* import-menu.png */,
				5E1670752A88EDF000D1B199 /* import-panel.png */,
			);
			path = resources;
			sourceTree = "<group>";
		};
		5EFC591B2A81ABCF005F97E2 /* MenuBars */ = {
			isa = PBXGroup;
			children = (
				5EFC591C2A81ACBC005F97E2 /* StatusBar.swift */,
				5EFC591E2A81ACC3005F97E2 /* MainMenu.swift */,
			);
			path = MenuBars;
			sourceTree = "<group>";
		};
		9A42F8EE2AAB69DF006B5A74 /* zh-Hans.lproj */ = {
			isa = PBXGroup;
			children = (
				9A42F8EF2AAB6A12006B5A74 /* Localizable.strings */,
			);
			path = "zh-Hans.lproj";
			sourceTree = "<group>";
		};
/* End PBXGroup section */

/* Begin PBXNativeTarget section */
		5EC47E752A2DB2E600120CCC /* Open Wallpaper Engine */ = {
			isa = PBXNativeTarget;
			buildConfigurationList = 5EC47EA02A2DB2E700120CCC /* Build configuration list for PBXNativeTarget "Open Wallpaper Engine" */;
			buildPhases = (
				5EC47E722A2DB2E600120CCC /* Sources */,
				5EC47E732A2DB2E600120CCC /* Frameworks */,
				5EC47E742A2DB2E600120CCC /* Resources */,
			);
			buildRules = (
			);
			dependencies = (
			);
			name = "Open Wallpaper Engine";
			productName = "Open Wallpaper Engine";
			productReference = 5EC47E762A2DB2E600120CCC /* Open Wallpaper Engine.app */;
			productType = "com.apple.product-type.application";
		};
		5EC47E8B2A2DB2E700120CCC /* Open Wallpaper EngineTests */ = {
			isa = PBXNativeTarget;
			buildConfigurationList = 5EC47EA32A2DB2E700120CCC /* Build configuration list for PBXNativeTarget "Open Wallpaper EngineTests" */;
			buildPhases = (
				5EC47E882A2DB2E700120CCC /* Sources */,
				5EC47E892A2DB2E700120CCC /* Frameworks */,
				5EC47E8A2A2DB2E700120CCC /* Resources */,
			);
			buildRules = (
			);
			dependencies = (
				5EC47E8E2A2DB2E700120CCC /* PBXTargetDependency */,
			);
			name = "Open Wallpaper EngineTests";
			productName = "Open Wallpaper EngineTests";
			productReference = 5EC47E8C2A2DB2E700120CCC /* Open Wallpaper EngineTests.xctest */;
			productType = "com.apple.product-type.bundle.unit-test";
		};
		5EC47E952A2DB2E700120CCC /* Open Wallpaper EngineUITests */ = {
			isa = PBXNativeTarget;
			buildConfigurationList = 5EC47EA62A2DB2E700120CCC /* Build configuration list for PBXNativeTarget "Open Wallpaper EngineUITests" */;
			buildPhases = (
				5EC47E922A2DB2E700120CCC /* Sources */,
				5EC47E932A2DB2E700120CCC /* Frameworks */,
				5EC47E942A2DB2E700120CCC /* Resources */,
			);
			buildRules = (
			);
			dependencies = (
				5EC47E982A2DB2E700120CCC /* PBXTargetDependency */,
			);
			name = "Open Wallpaper EngineUITests";
			productName = "Open Wallpaper EngineUITests";
			productReference = 5EC47E962A2DB2E700120CCC /* Open Wallpaper EngineUITests.xctest */;
			productType = "com.apple.product-type.bundle.ui-testing";
		};
/* End PBXNativeTarget section */

/* Begin PBXProject section */
		5EC47E6E2A2DB2E600120CCC /* Project object */ = {
			isa = PBXProject;
			attributes = {
				BuildIndependentTargetsInParallel = 1;
				LastSwiftUpdateCheck = 1430;
				LastUpgradeCheck = 1500;
				TargetAttributes = {
					5EC47E752A2DB2E600120CCC = {
						CreatedOnToolsVersion = 14.3.1;
					};
					5EC47E8B2A2DB2E700120CCC = {
						CreatedOnToolsVersion = 14.3.1;
						TestTargetID = 5EC47E752A2DB2E600120CCC;
					};
					5EC47E952A2DB2E700120CCC = {
						CreatedOnToolsVersion = 14.3.1;
						TestTargetID = 5EC47E752A2DB2E600120CCC;
					};
				};
			};
			buildConfigurationList = 5EC47E712A2DB2E600120CCC /* Build configuration list for PBXProject "Open Wallpaper Engine" */;
			compatibilityVersion = "Xcode 14.0";
			developmentRegion = en;
			hasScannedForEncodings = 0;
			knownRegions = (
				en,
				"zh-Hans",
				Base,
			);
			mainGroup = 5EC47E6D2A2DB2E600120CCC;
			productRefGroup = 5EC47E772A2DB2E600120CCC /* Products */;
			projectDirPath = "";
			projectRoot = "";
			targets = (
				5EC47E752A2DB2E600120CCC /* Open Wallpaper Engine */,
				5EC47E8B2A2DB2E700120CCC /* Open Wallpaper EngineTests */,
				5EC47E952A2DB2E700120CCC /* Open Wallpaper EngineUITests */,
			);
		};
/* End PBXProject section */

/* Begin PBXResourcesBuildPhase section */
		5EC47E742A2DB2E600120CCC /* Resources */ = {
			isa = PBXResourcesBuildPhase;
			buildActionMask = 2147483647;
			files = (
				5EC47E812A2DB2E700120CCC /* Preview Assets.xcassets in Resources */,
				9A42F8F12AAB6A12006B5A74 /* Localizable.strings in Resources */,
				5E0700E62A859FAD00ADFE2E /* WallpaperNotFound.mp4 in Resources */,
				5EC47E7E2A2DB2E700120CCC /* Assets.xcassets in Resources */,
			);
			runOnlyForDeploymentPostprocessing = 0;
		};
		5EC47E8A2A2DB2E700120CCC /* Resources */ = {
			isa = PBXResourcesBuildPhase;
			buildActionMask = 2147483647;
			files = (
			);
			runOnlyForDeploymentPostprocessing = 0;
		};
		5EC47E942A2DB2E700120CCC /* Resources */ = {
			isa = PBXResourcesBuildPhase;
			buildActionMask = 2147483647;
			files = (
			);
			runOnlyForDeploymentPostprocessing = 0;
		};
/* End PBXResourcesBuildPhase section */

/* Begin PBXSourcesBuildPhase section */
		5EC47E722A2DB2E600120CCC /* Sources */ = {
			isa = PBXSourcesBuildPhase;
			buildActionMask = 2147483647;
			files = (
				5E8C82032A9E15D0009E291B /* ExplorerItemMenu.swift in Sources */,
				5E66A0EA2A8BAA5400EE79D6 /* ExplorerGlobalMenu.swift in Sources */,
				5E51A43C2AA33F5500E46E99 /* GlobalSettingsService.swift in Sources */,
				5E9D40442A2EC68600AB8A0C /* AppDelegate.swift in Sources */,
				5EDF1E142A93B06B006617EA /* WorkingInProgress.swift in Sources */,
				5EB152A12A82ADEB007EA845 /* Open_Wallpaper_Engine.docc in Sources */,
				5EFBB0BB2A2F10EA00E39BEC /* main.swift in Sources */,
				5E7665262A2DC30E00E0E4B4 /* WEProject.swift in Sources */,
				5E66A0E82A8BA95600EE79D6 /* WallpaperPreview.swift in Sources */,
				5EFC591D2A81ACBC005F97E2 /* StatusBar.swift in Sources */,
				5EFC591F2A81ACC3005F97E2 /* MainMenu.swift in Sources */,
				5EC47EAC2A2DB3E500120CCC /* WallpaperView.swift in Sources */,
				5E98F6C72A81D8B200C12E34 /* MainWindow.swift in Sources */,
				5E51A43A2AA30D8B00E46E99 /* UnsafeWallpaper.swift in Sources */,
				5E66A0E12A8BA18D00EE79D6 /* GifImage.swift in Sources */,
				5EF28EBF2A8986AC0013ABBE /* WallpaperViewModel.swift in Sources */,
				5E66A0DF2A8AE3C900EE79D6 /* ContentViewModel.swift in Sources */,
				5E66A0EF2A8BADC900EE79D6 /* ExplorerBottomBar.swift in Sources */,
				5E66A0E62A8BA69B00EE79D6 /* WallpaperExplorer.swift in Sources */,
				5EA310FE2A88E135001A65F4 /* WebWallpaperView.swift in Sources */,
				5EAD1DB82A88DFB80067E1D2 /* VideoWallpaperView.swift in Sources */,
				5EB4DB882A98055E000A1FEA /* ExplorerItem.swift in Sources */,
				5E66A0ED2A8BABAB00EE79D6 /* DisplaySettings.swift in Sources */,
				5EA969A32A7D4BA30027B963 /* FirstLaunchView.swift in Sources */,
				5E66A0E42A8BA27600EE79D6 /* FilterResultsViewModel.swift in Sources */,
				5EC47EAA2A2DB32900120CCC /* ContentView.swift in Sources */,
				5EA310FC2A88E116001A65F4 /* SceneWallpaperView.swift in Sources */,
				DAEE29C62A9CB52100633898 /* WebWallpaperViewModel.swift in Sources */,
				5E32ABFE2A4D595D00A0EEEC /* FilterResults.swift in Sources */,
				5EAF3F722A870ED400F85685 /* GeneralPage.swift in Sources */,
				5EDF1E162A93B4B6006617EA /* WallpaperDiscover.swift in Sources */,
				5E66A0DD2A8ADF7C00EE79D6 /* ExplorerTopBar.swift in Sources */,
				5EAF3F742A87110700F85685 /* PluginsPage.swift in Sources */,
				5EDEBA5E2A2E2A7B003470CB /* SettingsView.swift in Sources */,
				5E66A0DA2A8ADECC00EE79D6 /* TopTabBar.swift in Sources */,
				5E76652A2A2E231400E0E4B4 /* AboutUsView.swift in Sources */,
				5E615E222A7D2F9700A37EB8 /* ImportPanels.swift in Sources */,
				5EAF3F702A870DEC00F85685 /* PerformancePage.swift in Sources */,
				5EF28EC12A8990D90013ABBE /* VideoWallpaperViewModel.swift in Sources */,
			);
			runOnlyForDeploymentPostprocessing = 0;
		};
		5EC47E882A2DB2E700120CCC /* Sources */ = {
			isa = PBXSourcesBuildPhase;
			buildActionMask = 2147483647;
			files = (
				5EC47E912A2DB2E700120CCC /* Open_Wallpaper_EngineTests.swift in Sources */,
			);
			runOnlyForDeploymentPostprocessing = 0;
		};
		5EC47E922A2DB2E700120CCC /* Sources */ = {
			isa = PBXSourcesBuildPhase;
			buildActionMask = 2147483647;
			files = (
				5EC47E9B2A2DB2E700120CCC /* Open_Wallpaper_EngineUITests.swift in Sources */,
				5EC47E9D2A2DB2E700120CCC /* Open_Wallpaper_EngineUITestsLaunchTests.swift in Sources */,
			);
			runOnlyForDeploymentPostprocessing = 0;
		};
/* End PBXSourcesBuildPhase section */

/* Begin PBXTargetDependency section */
		5EC47E8E2A2DB2E700120CCC /* PBXTargetDependency */ = {
			isa = PBXTargetDependency;
			target = 5EC47E752A2DB2E600120CCC /* Open Wallpaper Engine */;
			targetProxy = 5EC47E8D2A2DB2E700120CCC /* PBXContainerItemProxy */;
		};
		5EC47E982A2DB2E700120CCC /* PBXTargetDependency */ = {
			isa = PBXTargetDependency;
			target = 5EC47E752A2DB2E600120CCC /* Open Wallpaper Engine */;
			targetProxy = 5EC47E972A2DB2E700120CCC /* PBXContainerItemProxy */;
		};
/* End PBXTargetDependency section */

/* Begin PBXVariantGroup section */
		9A42F8EF2AAB6A12006B5A74 /* Localizable.strings */ = {
			isa = PBXVariantGroup;
			children = (
				9A42F8F02AAB6A12006B5A74 /* zh-Hans */,
			);
			name = Localizable.strings;
			sourceTree = "<group>";
		};
/* End PBXVariantGroup section */

/* Begin XCBuildConfiguration section */
		5EC47E9E2A2DB2E700120CCC /* Debug */ = {
			isa = XCBuildConfiguration;
			buildSettings = {
				ALWAYS_SEARCH_USER_PATHS = NO;
				ASSETCATALOG_COMPILER_GENERATE_SWIFT_ASSET_SYMBOL_EXTENSIONS = YES;
				CLANG_ANALYZER_LOCALIZABILITY_NONLOCALIZED = YES;
				CLANG_ANALYZER_NONNULL = YES;
				CLANG_ANALYZER_NUMBER_OBJECT_CONVERSION = YES_AGGRESSIVE;
				CLANG_CXX_LANGUAGE_STANDARD = "gnu++20";
				CLANG_ENABLE_MODULES = YES;
				CLANG_ENABLE_OBJC_ARC = YES;
				CLANG_ENABLE_OBJC_WEAK = YES;
				CLANG_WARN_BLOCK_CAPTURE_AUTORELEASING = YES;
				CLANG_WARN_BOOL_CONVERSION = YES;
				CLANG_WARN_COMMA = YES;
				CLANG_WARN_CONSTANT_CONVERSION = YES;
				CLANG_WARN_DEPRECATED_OBJC_IMPLEMENTATIONS = YES;
				CLANG_WARN_DIRECT_OBJC_ISA_USAGE = YES_ERROR;
				CLANG_WARN_DOCUMENTATION_COMMENTS = YES;
				CLANG_WARN_EMPTY_BODY = YES;
				CLANG_WARN_ENUM_CONVERSION = YES;
				CLANG_WARN_INFINITE_RECURSION = YES;
				CLANG_WARN_INT_CONVERSION = YES;
				CLANG_WARN_NON_LITERAL_NULL_CONVERSION = YES;
				CLANG_WARN_OBJC_IMPLICIT_RETAIN_SELF = YES;
				CLANG_WARN_OBJC_LITERAL_CONVERSION = YES;
				CLANG_WARN_OBJC_ROOT_CLASS = YES_ERROR;
				CLANG_WARN_QUOTED_INCLUDE_IN_FRAMEWORK_HEADER = YES;
				CLANG_WARN_RANGE_LOOP_ANALYSIS = YES;
				CLANG_WARN_STRICT_PROTOTYPES = YES;
				CLANG_WARN_SUSPICIOUS_MOVE = YES;
				CLANG_WARN_UNGUARDED_AVAILABILITY = YES_AGGRESSIVE;
				CLANG_WARN_UNREACHABLE_CODE = YES;
				CLANG_WARN__DUPLICATE_METHOD_MATCH = YES;
				COPY_PHASE_STRIP = NO;
				DEAD_CODE_STRIPPING = YES;
				DEBUG_INFORMATION_FORMAT = dwarf;
				ENABLE_STRICT_OBJC_MSGSEND = YES;
				ENABLE_TESTABILITY = YES;
				ENABLE_USER_SCRIPT_SANDBOXING = YES;
				GCC_C_LANGUAGE_STANDARD = gnu11;
				GCC_DYNAMIC_NO_PIC = NO;
				GCC_NO_COMMON_BLOCKS = YES;
				GCC_OPTIMIZATION_LEVEL = 0;
				GCC_PREPROCESSOR_DEFINITIONS = (
					"DEBUG=1",
					"$(inherited)",
				);
				GCC_WARN_64_TO_32_BIT_CONVERSION = YES;
				GCC_WARN_ABOUT_RETURN_TYPE = YES_ERROR;
				GCC_WARN_UNDECLARED_SELECTOR = YES;
				GCC_WARN_UNINITIALIZED_AUTOS = YES_AGGRESSIVE;
				GCC_WARN_UNUSED_FUNCTION = YES;
				GCC_WARN_UNUSED_VARIABLE = YES;
				MACOSX_DEPLOYMENT_TARGET = 13.0;
				MTL_ENABLE_DEBUG_INFO = INCLUDE_SOURCE;
				MTL_FAST_MATH = YES;
				ONLY_ACTIVE_ARCH = NO;
				SDKROOT = macosx;
				SWIFT_ACTIVE_COMPILATION_CONDITIONS = DEBUG;
				SWIFT_OPTIMIZATION_LEVEL = "-Onone";
			};
			name = Debug;
		};
		5EC47E9F2A2DB2E700120CCC /* Release */ = {
			isa = XCBuildConfiguration;
			buildSettings = {
				ALWAYS_SEARCH_USER_PATHS = NO;
				ASSETCATALOG_COMPILER_GENERATE_SWIFT_ASSET_SYMBOL_EXTENSIONS = YES;
				CLANG_ANALYZER_LOCALIZABILITY_NONLOCALIZED = YES;
				CLANG_ANALYZER_NONNULL = YES;
				CLANG_ANALYZER_NUMBER_OBJECT_CONVERSION = YES_AGGRESSIVE;
				CLANG_CXX_LANGUAGE_STANDARD = "gnu++20";
				CLANG_ENABLE_MODULES = YES;
				CLANG_ENABLE_OBJC_ARC = YES;
				CLANG_ENABLE_OBJC_WEAK = YES;
				CLANG_WARN_BLOCK_CAPTURE_AUTORELEASING = YES;
				CLANG_WARN_BOOL_CONVERSION = YES;
				CLANG_WARN_COMMA = YES;
				CLANG_WARN_CONSTANT_CONVERSION = YES;
				CLANG_WARN_DEPRECATED_OBJC_IMPLEMENTATIONS = YES;
				CLANG_WARN_DIRECT_OBJC_ISA_USAGE = YES_ERROR;
				CLANG_WARN_DOCUMENTATION_COMMENTS = YES;
				CLANG_WARN_EMPTY_BODY = YES;
				CLANG_WARN_ENUM_CONVERSION = YES;
				CLANG_WARN_INFINITE_RECURSION = YES;
				CLANG_WARN_INT_CONVERSION = YES;
				CLANG_WARN_NON_LITERAL_NULL_CONVERSION = YES;
				CLANG_WARN_OBJC_IMPLICIT_RETAIN_SELF = YES;
				CLANG_WARN_OBJC_LITERAL_CONVERSION = YES;
				CLANG_WARN_OBJC_ROOT_CLASS = YES_ERROR;
				CLANG_WARN_QUOTED_INCLUDE_IN_FRAMEWORK_HEADER = YES;
				CLANG_WARN_RANGE_LOOP_ANALYSIS = YES;
				CLANG_WARN_STRICT_PROTOTYPES = YES;
				CLANG_WARN_SUSPICIOUS_MOVE = YES;
				CLANG_WARN_UNGUARDED_AVAILABILITY = YES_AGGRESSIVE;
				CLANG_WARN_UNREACHABLE_CODE = YES;
				CLANG_WARN__DUPLICATE_METHOD_MATCH = YES;
				COPY_PHASE_STRIP = NO;
				DEAD_CODE_STRIPPING = YES;
				DEBUG_INFORMATION_FORMAT = "dwarf-with-dsym";
				ENABLE_NS_ASSERTIONS = NO;
				ENABLE_STRICT_OBJC_MSGSEND = YES;
				ENABLE_USER_SCRIPT_SANDBOXING = YES;
				GCC_C_LANGUAGE_STANDARD = gnu11;
				GCC_NO_COMMON_BLOCKS = YES;
				GCC_WARN_64_TO_32_BIT_CONVERSION = YES;
				GCC_WARN_ABOUT_RETURN_TYPE = YES_ERROR;
				GCC_WARN_UNDECLARED_SELECTOR = YES;
				GCC_WARN_UNINITIALIZED_AUTOS = YES_AGGRESSIVE;
				GCC_WARN_UNUSED_FUNCTION = YES;
				GCC_WARN_UNUSED_VARIABLE = YES;
				MACOSX_DEPLOYMENT_TARGET = 13.0;
				MTL_ENABLE_DEBUG_INFO = NO;
				MTL_FAST_MATH = YES;
				ONLY_ACTIVE_ARCH = NO;
				SDKROOT = macosx;
				SWIFT_COMPILATION_MODE = wholemodule;
				SWIFT_OPTIMIZATION_LEVEL = "-O";
			};
			name = Release;
		};
		5EC47EA12A2DB2E700120CCC /* Debug */ = {
			isa = XCBuildConfiguration;
			buildSettings = {
				ASSETCATALOG_COMPILER_APPICON_NAME = AppIcon;
				ASSETCATALOG_COMPILER_GLOBAL_ACCENT_COLOR_NAME = AccentColor;
				ASSETCATALOG_COMPILER_INCLUDE_ALL_APPICON_ASSETS = NO;
				CODE_SIGN_ENTITLEMENTS = "Open Wallpaper Engine/Open_Wallpaper_Engine.entitlements";
				"CODE_SIGN_IDENTITY[sdk=macosx*]" = "Apple Development";
				CODE_SIGN_STYLE = Automatic;
				COMBINE_HIDPI_IMAGES = YES;
				CURRENT_PROJECT_VERSION = 1;
				DEAD_CODE_STRIPPING = YES;
				DEVELOPMENT_ASSET_PATHS = "\"Open Wallpaper Engine/Preview Content\"";
				DEVELOPMENT_TEAM = 356MXJ5BZ2;
				ENABLE_HARDENED_RUNTIME = YES;
				ENABLE_PREVIEWS = YES;
				GENERATE_INFOPLIST_FILE = YES;
				INFOPLIST_FILE = "Open-Wallpaper-Engine-Info.plist";
				INFOPLIST_KEY_CFBundleDisplayName = "Open Wallpaper Engine";
				INFOPLIST_KEY_LSApplicationCategoryType = "public.app-category.utilities";
				INFOPLIST_KEY_LSUIElement = NO;
				INFOPLIST_KEY_NSHumanReadableCopyright = "";
				LD_RUNPATH_SEARCH_PATHS = (
					"$(inherited)",
					"@executable_path/../Frameworks",
				);
				MACOSX_DEPLOYMENT_TARGET = 13.0;
				MARKETING_VERSION = 0.5.2;
				ONLY_ACTIVE_ARCH = NO;
				PRODUCT_BUNDLE_IDENTIFIER = "com.haren724.open-wallpaper-engine";
				PRODUCT_MODULE_NAME = "$(PRODUCT_NAME:c99extidentifier)";
				PRODUCT_NAME = "$(TARGET_NAME)";
				SWIFT_EMIT_LOC_STRINGS = YES;
				SWIFT_VERSION = 5.0;
			};
			name = Debug;
		};
		5EC47EA22A2DB2E700120CCC /* Release */ = {
			isa = XCBuildConfiguration;
			buildSettings = {
				ASSETCATALOG_COMPILER_APPICON_NAME = AppIcon;
				ASSETCATALOG_COMPILER_GLOBAL_ACCENT_COLOR_NAME = AccentColor;
				ASSETCATALOG_COMPILER_INCLUDE_ALL_APPICON_ASSETS = NO;
				CODE_SIGN_ENTITLEMENTS = "Open Wallpaper Engine/Open_Wallpaper_Engine.entitlements";
				"CODE_SIGN_IDENTITY[sdk=macosx*]" = "Apple Development";
				CODE_SIGN_STYLE = Automatic;
				COMBINE_HIDPI_IMAGES = YES;
				CURRENT_PROJECT_VERSION = 1;
				DEAD_CODE_STRIPPING = YES;
				DEVELOPMENT_ASSET_PATHS = "\"Open Wallpaper Engine/Preview Content\"";
				DEVELOPMENT_TEAM = 356MXJ5BZ2;
				ENABLE_HARDENED_RUNTIME = YES;
				ENABLE_PREVIEWS = YES;
				GENERATE_INFOPLIST_FILE = YES;
				INFOPLIST_FILE = "Open-Wallpaper-Engine-Info.plist";
				INFOPLIST_KEY_CFBundleDisplayName = "Open Wallpaper Engine";
				INFOPLIST_KEY_LSApplicationCategoryType = "public.app-category.utilities";
				INFOPLIST_KEY_LSUIElement = NO;
				INFOPLIST_KEY_NSHumanReadableCopyright = "";
				LD_RUNPATH_SEARCH_PATHS = (
					"$(inherited)",
					"@executable_path/../Frameworks",
				);
				MACOSX_DEPLOYMENT_TARGET = 13.0;
				MARKETING_VERSION = 0.5.2;
				PRODUCT_BUNDLE_IDENTIFIER = "com.haren724.open-wallpaper-engine";
				PRODUCT_MODULE_NAME = "$(PRODUCT_NAME:c99extidentifier)";
				PRODUCT_NAME = "$(TARGET_NAME)";
				SWIFT_EMIT_LOC_STRINGS = YES;
				SWIFT_VERSION = 5.0;
			};
			name = Release;
		};
		5EC47EA42A2DB2E700120CCC /* Debug */ = {
			isa = XCBuildConfiguration;
			buildSettings = {
				ALWAYS_EMBED_SWIFT_STANDARD_LIBRARIES = YES;
				BUNDLE_LOADER = "$(TEST_HOST)";
				CODE_SIGN_STYLE = Automatic;
				CURRENT_PROJECT_VERSION = 1;
				DEAD_CODE_STRIPPING = YES;
				DEVELOPMENT_TEAM = 24Q962SK3B;
				GENERATE_INFOPLIST_FILE = YES;
				MACOSX_DEPLOYMENT_TARGET = 13.3;
				MARKETING_VERSION = 1.0;
				PRODUCT_BUNDLE_IDENTIFIER = "liveappstudio.Open-Wallpaper-EngineTests";
				PRODUCT_NAME = "$(TARGET_NAME)";
				SWIFT_EMIT_LOC_STRINGS = NO;
				SWIFT_VERSION = 5.0;
				TEST_HOST = "$(BUILT_PRODUCTS_DIR)/Open Wallpaper Engine.app/$(BUNDLE_EXECUTABLE_FOLDER_PATH)/Open Wallpaper Engine";
			};
			name = Debug;
		};
		5EC47EA52A2DB2E700120CCC /* Release */ = {
			isa = XCBuildConfiguration;
			buildSettings = {
				ALWAYS_EMBED_SWIFT_STANDARD_LIBRARIES = YES;
				BUNDLE_LOADER = "$(TEST_HOST)";
				CODE_SIGN_STYLE = Automatic;
				CURRENT_PROJECT_VERSION = 1;
				DEAD_CODE_STRIPPING = YES;
				DEVELOPMENT_TEAM = 24Q962SK3B;
				GENERATE_INFOPLIST_FILE = YES;
				MACOSX_DEPLOYMENT_TARGET = 13.3;
				MARKETING_VERSION = 1.0;
				PRODUCT_BUNDLE_IDENTIFIER = "liveappstudio.Open-Wallpaper-EngineTests";
				PRODUCT_NAME = "$(TARGET_NAME)";
				SWIFT_EMIT_LOC_STRINGS = NO;
				SWIFT_VERSION = 5.0;
				TEST_HOST = "$(BUILT_PRODUCTS_DIR)/Open Wallpaper Engine.app/$(BUNDLE_EXECUTABLE_FOLDER_PATH)/Open Wallpaper Engine";
			};
			name = Release;
		};
		5EC47EA72A2DB2E700120CCC /* Debug */ = {
			isa = XCBuildConfiguration;
			buildSettings = {
				ALWAYS_EMBED_SWIFT_STANDARD_LIBRARIES = YES;
				CODE_SIGN_STYLE = Automatic;
				CURRENT_PROJECT_VERSION = 1;
				DEAD_CODE_STRIPPING = YES;
				DEVELOPMENT_TEAM = 24Q962SK3B;
				GENERATE_INFOPLIST_FILE = YES;
				MARKETING_VERSION = 1.0;
				PRODUCT_BUNDLE_IDENTIFIER = "liveappstudio.Open-Wallpaper-EngineUITests";
				PRODUCT_NAME = "$(TARGET_NAME)";
				SWIFT_EMIT_LOC_STRINGS = NO;
				SWIFT_VERSION = 5.0;
				TEST_TARGET_NAME = "Open Wallpaper Engine";
			};
			name = Debug;
		};
		5EC47EA82A2DB2E700120CCC /* Release */ = {
			isa = XCBuildConfiguration;
			buildSettings = {
				ALWAYS_EMBED_SWIFT_STANDARD_LIBRARIES = YES;
				CODE_SIGN_STYLE = Automatic;
				CURRENT_PROJECT_VERSION = 1;
				DEAD_CODE_STRIPPING = YES;
				DEVELOPMENT_TEAM = 24Q962SK3B;
				GENERATE_INFOPLIST_FILE = YES;
				MARKETING_VERSION = 1.0;
				PRODUCT_BUNDLE_IDENTIFIER = "liveappstudio.Open-Wallpaper-EngineUITests";
				PRODUCT_NAME = "$(TARGET_NAME)";
				SWIFT_EMIT_LOC_STRINGS = NO;
				SWIFT_VERSION = 5.0;
				TEST_TARGET_NAME = "Open Wallpaper Engine";
			};
			name = Release;
		};
/* End XCBuildConfiguration section */

/* Begin XCConfigurationList section */
		5EC47E712A2DB2E600120CCC /* Build configuration list for PBXProject "Open Wallpaper Engine" */ = {
			isa = XCConfigurationList;
			buildConfigurations = (
				5EC47E9E2A2DB2E700120CCC /* Debug */,
				5EC47E9F2A2DB2E700120CCC /* Release */,
			);
			defaultConfigurationIsVisible = 0;
			defaultConfigurationName = Release;
		};
		5EC47EA02A2DB2E700120CCC /* Build configuration list for PBXNativeTarget "Open Wallpaper Engine" */ = {
			isa = XCConfigurationList;
			buildConfigurations = (
				5EC47EA12A2DB2E700120CCC /* Debug */,
				5EC47EA22A2DB2E700120CCC /* Release */,
			);
			defaultConfigurationIsVisible = 0;
			defaultConfigurationName = Release;
		};
		5EC47EA32A2DB2E700120CCC /* Build configuration list for PBXNativeTarget "Open Wallpaper EngineTests" */ = {
			isa = XCConfigurationList;
			buildConfigurations = (
				5EC47EA42A2DB2E700120CCC /* Debug */,
				5EC47EA52A2DB2E700120CCC /* Release */,
			);
			defaultConfigurationIsVisible = 0;
			defaultConfigurationName = Release;
		};
		5EC47EA62A2DB2E700120CCC /* Build configuration list for PBXNativeTarget "Open Wallpaper EngineUITests" */ = {
			isa = XCConfigurationList;
			buildConfigurations = (
				5EC47EA72A2DB2E700120CCC /* Debug */,
				5EC47EA82A2DB2E700120CCC /* Release */,
			);
			defaultConfigurationIsVisible = 0;
			defaultConfigurationName = Release;
		};
/* End XCConfigurationList section */
	};
	rootObject = 5EC47E6E2A2DB2E600120CCC /* Project object */;
}
